{
  "name": "connector-dryrun-receipt-skill",
  "version": "0.1.0",
  "lockfileVersion": 3,
  "requires": true,
  "packages": {
    "": {
      "name": "connector-dryrun-receipt-skill",
      "version": "0.1.0",
      "license": "MIT",
      "bin": {
        "connector-dryrun-receipt": "bin/connector-dryrun-receipt.js"
      },
      "engines": {
        "node": ">=18"
      }
    }
  }
}
